
Microsoft Visual Studio Solution File, Format Version 12.00
# Visual Studio 15
Project("{FAE04EC0-301F-11D3-BF4B-00C04F79EFBC}") = "Oculus.Platform", "Oculus.Platform.csproj", "{D7B72562-FB79-33B6-B7DA-A95409FFAEDD}"
EndProject
Project("{FAE04EC0-301F-11D3-BF4B-00C04F79EFBC}") = "Assembly-CSharp", "Assembly-CSharp.csproj", "{BDBCE7D3-139D-3EDB-816D-FB1D73476D25}"
EndProject
Project("{FAE04EC0-301F-11D3-BF4B-00C04F79EFBC}") = "Oculus.VR", "Oculus.VR.csproj", "{357DF9C4-FC94-71EC-A5B0-A3CC2B7B957C}"
EndProject
Project("{FAE04EC0-301F-11D3-BF4B-00C04F79EFBC}") = "Oculus.Platform.Editor", "Oculus.Platform.Editor.csproj", "{6480F841-593A-D833-CE68-9CA9CA40EDD3}"
EndProject
Project("{FAE04EC0-301F-11D3-BF4B-00C04F79EFBC}") = "Assembly-CSharp-Editor", "Assembly-CSharp-Editor.csproj", "{3581A99C-59E9-3D7A-FE33-C8839A045BC3}"
EndProject
Project("{FAE04EC0-301F-11D3-BF4B-00C04F79EFBC}") = "Oculus.VR.Editor", "Oculus.VR.Editor.csproj", "{CF942C49-F146-183E-1A83-0A3A6D0F9102}"
EndProject
Project("{FAE04EC0-301F-11D3-BF4B-00C04F79EFBC}") = "Oculus.VR.Scripts.Editor", "Oculus.VR.Scripts.Editor.csproj", "{097A940A-CFAE-011F-E4B3-72EB2916E2EE}"
EndProject
Global
	GlobalSection(SolutionConfigurationPlatforms) = preSolution
		Debug|Any CPU = Debug|Any CPU
		Release|Any CPU = Release|Any CPU
	EndGlobalSection
	GlobalSection(ProjectConfigurationPlatforms) = postSolution
		{D7B72562-FB79-33B6-B7DA-A95409FFAEDD}.Debug|Any CPU.ActiveCfg = Debug|Any CPU
		{D7B72562-FB79-33B6-B7DA-A95409FFAEDD}.Debug|Any CPU.Build.0 = Debug|Any CPU
		{D7B72562-FB79-33B6-B7DA-A95409FFAEDD}.Release|Any CPU.ActiveCfg = Release|Any CPU
		{D7B72562-FB79-33B6-B7DA-A95409FFAEDD}.Release|Any CPU.Build.0 = Release|Any CPU
		{BDBCE7D3-139D-3EDB-816D-FB1D73476D25}.Debug|Any CPU.ActiveCfg = Debug|Any CPU
		{BDBCE7D3-139D-3EDB-816D-FB1D73476D25}.Debug|Any CPU.Build.0 = Debug|Any CPU
		{BDBCE7D3-139D-3EDB-816D-FB1D73476D25}.Release|Any CPU.ActiveCfg = Release|Any CPU
		{BDBCE7D3-139D-3EDB-816D-FB1D73476D25}.Release|Any CPU.Build.0 = Release|Any CPU
		{357DF9C4-FC94-71EC-A5B0-A3CC2B7B957C}.Debug|Any CPU.ActiveCfg = Debug|Any CPU
		{357DF9C4-FC94-71EC-A5B0-A3CC2B7B957C}.Debug|Any CPU.Build.0 = Debug|Any CPU
		{357DF9C4-FC94-71EC-A5B0-A3CC2B7B957C}.Release|Any CPU.ActiveCfg = Release|Any CPU
		{357DF9C4-FC94-71EC-A5B0-A3CC2B7B957C}.Release|Any CPU.Build.0 = Release|Any CPU
		{6480F841-593A-D833-CE68-9CA9CA40EDD3}.Debug|Any CPU.ActiveCfg = Debug|Any CPU
		{6480F841-593A-D833-CE68-9CA9CA40EDD3}.Debug|Any CPU.Build.0 = Debug|Any CPU
		{6480F841-593A-D833-CE68-9CA9CA40EDD3}.Release|Any CPU.ActiveCfg = Release|Any CPU
		{6480F841-593A-D833-CE68-9CA9CA40EDD3}.Release|Any CPU.Build.0 = Release|Any CPU
		{3581A99C-59E9-3D7A-FE33-C8839A045BC3}.Debug|Any CPU.ActiveCfg = Debug|Any CPU
		{3581A99C-59E9-3D7A-FE33-C8839A045BC3}.Debug|Any CPU.Build.0 = Debug|Any CPU
		{3581A99C-59E9-3D7A-FE33-C8839A045BC3}.Release|Any CPU.ActiveCfg = Release|Any CPU
		{3581A99C-59E9-3D7A-FE33-C8839A045BC3}.Release|Any CPU.Build.0 = Release|Any CPU
		{CF942C49-F146-183E-1A83-0A3A6D0F9102}.Debug|Any CPU.ActiveCfg = Debug|Any CPU
		{CF942C49-F146-183E-1A83-0A3A6D0F9102}.Debug|Any CPU.Build.0 = Debug|Any CPU
		{CF942C49-F146-183E-1A83-0A3A6D0F9102}.Release|Any CPU.ActiveCfg = Release|Any CPU
		{CF942C49-F146-183E-1A83-0A3A6D0F9102}.Release|Any CPU.Build.0 = Release|Any CPU
		{097A940A-CFAE-011F-E4B3-72EB2916E2EE}.Debug|Any CPU.ActiveCfg = Debug|Any CPU
		{097A940A-CFAE-011F-E4B3-72EB2916E2EE}.Debug|Any CPU.Build.0 = Debug|Any CPU
		{097A940A-CFAE-011F-E4B3-72EB2916E2EE}.Release|Any CPU.ActiveCfg = Release|Any CPU
		{097A940A-CFAE-011F-E4B3-72EB2916E2EE}.Release|Any CPU.Build.0 = Release|Any CPU
	EndGlobalSection
	GlobalSection(SolutionProperties) = preSolution
		HideSolutionNode = FALSE
	EndGlobalSection
EndGlobal
